
Microsoft Visual Studio Solution File, Format Version 12.00
# Visual Studio Version 16
VisualStudioVersion = 16.0.30717.126
MinimumVisualStudioVersion = 10.0.40219.1
Project("{FAE04EC0-301F-11D3-BF4B-00C04F79EFBC}") = "GCDumpTestApp", "GCDumpTestApp\GCDumpTestApp.csproj", "{887CCBD5-0738-430B-BEC2-4D139637089B}"
EndProject
Global
	GlobalSection(SolutionConfigurationPlatforms) = preSolution
		Debug|Any CPU = Debug|Any CPU
		Release|Any CPU = Release|Any CPU
	EndGlobalSection
	GlobalSection(ProjectConfigurationPlatforms) = postSolution
		{887CCBD5-0738-430B-BEC2-4D139637089B}.Debug|Any CPU.ActiveCfg = Debug|Any CPU
		{887CCBD5-0738-430B-BEC2-4D139637089B}.Debug|Any CPU.Build.0 = Debug|Any CPU
		{887CCBD5-0738-430B-BEC2-4D139637089B}.Release|Any CPU.ActiveCfg = Release|Any CPU
		{887CCBD5-0738-430B-BEC2-4D139637089B}.Release|Any CPU.Build.0 = Release|Any CPU
	EndGlobalSection
	GlobalSection(SolutionProperties) = preSolution
		HideSolutionNode = FALSE
	EndGlobalSection
	GlobalSection(ExtensibilityGlobals) = postSolution
		SolutionGuid = {235681B9-960E-411D-B7F2-07DF2C3BF9A4}
	EndGlobalSection
EndGlobal
